
Microsoft Visual Studio Solution File, Format Version 12.00
# Visual Studio 15
VisualStudioVersion = 15.0.27703.2000
MinimumVisualStudioVersion = 10.0.40219.1
Project("{FAE04EC0-301F-11D3-BF4B-00C04F79EFBC}") = "OOPPractice", "OOPPractice\OOPPractice.csproj", "{6746BCA2-0B85-4197-8397-F3E41F9C765C}"
EndProject
Global
	GlobalSection(SolutionConfigurationPlatforms) = preSolution
		Debug|Any CPU = Debug|Any CPU
		Release|Any CPU = Release|Any CPU
	EndGlobalSection
	GlobalSection(ProjectConfigurationPlatforms) = postSolution
		{6746BCA2-0B85-4197-8397-F3E41F9C765C}.Debug|Any CPU.ActiveCfg = Debug|Any CPU
		{6746BCA2-0B85-4197-8397-F3E41F9C765C}.Debug|Any CPU.Build.0 = Debug|Any CPU
		{6746BCA2-0B85-4197-8397-F3E41F9C765C}.Release|Any CPU.ActiveCfg = Release|Any CPU
		{6746BCA2-0B85-4197-8397-F3E41F9C765C}.Release|Any CPU.Build.0 = Release|Any CPU
	EndGlobalSection
	GlobalSection(SolutionProperties) = preSolution
		HideSolutionNode = FALSE
	EndGlobalSection
	GlobalSection(ExtensibilityGlobals) = postSolution
		SolutionGuid = {A7EFD937-B7E8-4693-A8EC-0723670E7B10}
	EndGlobalSection
EndGlobal
